
Microsoft Visual Studio Solution File, Format Version 12.00
# Visual Studio Version 17
VisualStudioVersion = 17.5.002.0
MinimumVisualStudioVersion = 10.0.40219.1
Project("{9A19103F-16F7-4668-BE54-9A1E7A4F7556}") = "Financial.API", "Financial.API\Financial.API.csproj", "{3A424301-3C8D-4B4E-8DE9-B2D930C0C112}"
EndProject
Project("{FAE04EC0-301F-11D3-BF4B-00C04F79EFBC}") = "Financial.Domain", "Financial.Entities\Financial.Domain.csproj", "{EE4B3F3F-7749-4F5C-A8E6-CC8BEC684AC5}"
EndProject
Project("{FAE04EC0-301F-11D3-BF4B-00C04F79EFBC}") = "FInancial.Application", "FInancial.Application\FInancial.Application.csproj", "{6E09906B-9406-4C02-BC72-9C629D6C2592}"
EndProject
Project("{FAE04EC0-301F-11D3-BF4B-00C04F79EFBC}") = "FInancial.Infra", "FInancial.Infra\FInancial.Infra.csproj", "{7F639414-A169-4C7B-A10A-F2F9C941AE67}"
EndProject
Global
	GlobalSection(SolutionConfigurationPlatforms) = preSolution
		Debug|Any CPU = Debug|Any CPU
		Release|Any CPU = Release|Any CPU
	EndGlobalSection
	GlobalSection(ProjectConfigurationPlatforms) = postSolution
		{3A424301-3C8D-4B4E-8DE9-B2D930C0C112}.Debug|Any CPU.ActiveCfg = Debug|Any CPU
		{3A424301-3C8D-4B4E-8DE9-B2D930C0C112}.Debug|Any CPU.Build.0 = Debug|Any CPU
		{3A424301-3C8D-4B4E-8DE9-B2D930C0C112}.Release|Any CPU.ActiveCfg = Release|Any CPU
		{3A424301-3C8D-4B4E-8DE9-B2D930C0C112}.Release|Any CPU.Build.0 = Release|Any CPU
		{EE4B3F3F-7749-4F5C-A8E6-CC8BEC684AC5}.Debug|Any CPU.ActiveCfg = Debug|Any CPU
		{EE4B3F3F-7749-4F5C-A8E6-CC8BEC684AC5}.Debug|Any CPU.Build.0 = Debug|Any CPU
		{EE4B3F3F-7749-4F5C-A8E6-CC8BEC684AC5}.Release|Any CPU.ActiveCfg = Release|Any CPU
		{EE4B3F3F-7749-4F5C-A8E6-CC8BEC684AC5}.Release|Any CPU.Build.0 = Release|Any CPU
		{6E09906B-9406-4C02-BC72-9C629D6C2592}.Debug|Any CPU.ActiveCfg = Debug|Any CPU
		{6E09906B-9406-4C02-BC72-9C629D6C2592}.Debug|Any CPU.Build.0 = Debug|Any CPU
		{6E09906B-9406-4C02-BC72-9C629D6C2592}.Release|Any CPU.ActiveCfg = Release|Any CPU
		{6E09906B-9406-4C02-BC72-9C629D6C2592}.Release|Any CPU.Build.0 = Release|Any CPU
		{7F639414-A169-4C7B-A10A-F2F9C941AE67}.Debug|Any CPU.ActiveCfg = Debug|Any CPU
		{7F639414-A169-4C7B-A10A-F2F9C941AE67}.Debug|Any CPU.Build.0 = Debug|Any CPU
		{7F639414-A169-4C7B-A10A-F2F9C941AE67}.Release|Any CPU.ActiveCfg = Release|Any CPU
		{7F639414-A169-4C7B-A10A-F2F9C941AE67}.Release|Any CPU.Build.0 = Release|Any CPU
	EndGlobalSection
	GlobalSection(SolutionProperties) = preSolution
		HideSolutionNode = FALSE
	EndGlobalSection
	GlobalSection(ExtensibilityGlobals) = postSolution
		SolutionGuid = {D3380FF2-057D-45A0-958A-BD34E292C9D8}
	EndGlobalSection
EndGlobal
